version = 1
revision = 2
requires-python = ">=3.10"

[[package]]
name = "a2a-sdk"
version = "0.2.8"
source = { registry = "https://pypi.org/simple" }
sdist = { url = "https://files.pythonhosted.org/packages/example/a2a-sdk-0.2.8.tar.gz", hash = "sha256:example", size = 100000, upload-time = "2024-01-01T00:00:00.000Z" }
wheels = [
    { url = "https://files.pythonhosted.org/packages/example/a2a_sdk-0.2.8-py3-none-any.whl", hash = "sha256:example", size = 100000, upload-time = "2024-01-01T00:00:00.000Z" },
]

[[package]]
name = "mcp"
version = "1.9.4"
source = { registry = "https://pypi.org/simple" }
dependencies = [
    { name = "anyio" },
    { name = "httpx" },
    { name = "httpx-sse" },
    { name = "pydantic" },
    { name = "pydantic-settings" },
    { name = "python-multipart" },
    { name = "sse-starlette" },
    { name = "starlette" },
    { name = "uvicorn", marker = "sys_platform != 'emscripten'" },
]
sdist = { url = "https://files.pythonhosted.org/packages/06/f2/dc2450e566eeccf92d89a00c3e813234ad58e2ba1e31d11467a09ac4f3b9/mcp-1.9.4.tar.gz", hash = "sha256:cfb0bcd1a9535b42edaef89947b9e18a8feb49362e1cc059d6e7fc636f2cb09f", size = 333294, upload-time = "2025-06-12T08:20:30.158Z" }
wheels = [
    { url = "https://files.pythonhosted.org/packages/97/fc/80e655c955137393c443842ffcc4feccab5b12fa7cb8de9ced90f90e6998/mcp-1.9.4-py3-none-any.whl", hash = "sha256:7fcf36b62936adb8e63f89346bccca1268eeca9bf6dfb562ee10b1dfbda9dac0", size = 130232, upload-time = "2025-06-12T08:20:28.551Z" },
]

[package.optional-dependencies]
cli = [
    { name = "python-dotenv" },
    { name = "typer" },
]

[[package]]
name = "citymapper-travel-agent"
version = "0.1.0"
source = { editable = "." }
dependencies = [
    { name = "a2a-sdk" },
    { name = "mcp", extra = ["cli"] },
    { name = "strands-agents", extra = ["a2a"] },
    { name = "strands-agents-tools" },
    { name = "markdown" },
    { name = "rich" },
    { name = "uv" },
    { name = "fastapi" },
    { name = "uvicorn" },
    { name = "aiohttp" },
    { name = "requests" },
    { name = "pyjwt" },
    { name = "cryptography" },
    { name = "python-dotenv" },
    { name = "boto3" },
]

[package.metadata]
requires-dist = [
    { name = "a2a-sdk", specifier = ">=0.2.8" },
    { name = "mcp", extras = ["cli"], specifier = ">=1.9.4" },
    { name = "strands-agents", extras = ["a2a"], specifier = ">=0.1.9" },
    { name = "strands-agents-tools", specifier = ">=0.1.6" },
    { name = "markdown" },
    { name = "rich" },
    { name = "uv", specifier = "==0.7.11" },
    { name = "fastapi", specifier = ">=0.104.0" },
    { name = "uvicorn", specifier = ">=0.24.0" },
    { name = "aiohttp", specifier = ">=3.8.0" },
    { name = "requests", specifier = ">=2.31.0" },
    { name = "pyjwt", specifier = "==2.10.1" },
    { name = "cryptography", specifier = "==45.0.4" },
    { name = "python-dotenv", specifier = ">=1.0.0" },
    { name = "boto3", specifier = ">=1.34.0" },
]