version = 1
revision = 2
requires-python = ">=3.10"

[[package]]
name = "annotated-types"
version = "0.7.0"
source = { registry = "https://pypi.org/simple" }
sdist = { url = "https://files.pythonhosted.org/packages/ee/67/531ea369ba64dcff5ec9c3402f9f51bf748cec26dde048a2f973a4eea7f5/annotated_types-0.7.0.tar.gz", hash = "sha256:aff07c09a53a08bc8cfccb9c85b05f1aa9a2a6f23728d790723543408344ce89", size = 16081, upload-time = "2024-05-20T21:33:25.928Z" }
wheels = [
    { url = "https://files.pythonhosted.org/packages/78/b6/6307fbef88d9b5ee7421e68d78a9f162e0da4900bc5f5793f6d3d0e34fb8/annotated_types-0.7.0-py3-none-any.whl", hash = "sha256:1f02e8b43a8fbbc3f3e0d4f0f4bfc8131bcb4eebe8849b8e5c773f3a1c582a53", size = 13643, upload-time = "2024-05-20T21:33:24.1Z" },
]

[[package]]
name = "anyio"
version = "4.9.0"
source = { registry = "https://pypi.org/simple" }
dependencies = [
    { name = "exceptiongroup", marker = "python_full_version < '3.11'" },
    { name = "idna" },
    { name = "sniffio" },
    { name = "typing-extensions", marker = "python_full_version < '3.13'" },
]
sdist = { url = "https://files.pythonhosted.org/packages/95/7d/4c1bd541d4dffa1b52bd83fb8527089e097a106fc90b467a7313b105f840/anyio-4.9.0.tar.gz", hash = "sha256:673c0c244e15788651a4ff38710fea9675823028a6f08a5eda409e0c9840a028", size = 190949, upload-time = "2025-03-17T00:02:54.77Z" }
wheels = [
    { url = "https://files.pythonhosted.org/packages/a1/ee/48ca1a7c89ffec8b6a0c5d02b89c305671d5ffd8d3c94acf8b8c408575bb/anyio-4.9.0-py3-none-any.whl", hash = "sha256:9f76d541cad6e36af7beb62e978876f3b41e3e04f2c1fbf0884604c0a9c4d93c", size = 100916, upload-time = "2025-03-17T00:02:52.713Z" },
]

[[package]]
name = "boto3"
version = "1.35.91"
source = { registry = "https://pypi.org/simple" }
dependencies = [
    { name = "botocore" },
    { name = "jmespath" },
    { name = "s3transfer" },
]
sdist = { url = "https://files.pythonhosted.org/packages/b8/29/1d2e2d8b7e3f7d1f4b7c38b9e3d7c5e5b5b5b5b5b5b5b5b5b5b5b5b5b5b5/boto3-1.35.91.tar.gz", hash = "sha256:example", size = 100000, upload-time = "2024-01-01T00:00:00.000Z" }
wheels = [
    { url = "https://files.pythonhosted.org/packages/b8/29/1d2e2d8b7e3f7d1f4b7c38b9e3d7c5e5b5b5b5b5b5b5b5b5b5b5b5b5b5b5/boto3-1.35.91-py3-none-any.whl", hash = "sha256:example", size = 100000, upload-time = "2024-01-01T00:00:00.000Z" },
]

[[package]]
name = "mcp"
version = "1.9.4"
source = { registry = "https://pypi.org/simple" }
dependencies = [
    { name = "anyio" },
    { name = "httpx" },
    { name = "httpx-sse" },
    { name = "pydantic" },
    { name = "pydantic-settings" },
    { name = "python-multipart" },
    { name = "sse-starlette" },
    { name = "starlette" },
    { name = "uvicorn", marker = "sys_platform != 'emscripten'" },
]
sdist = { url = "https://files.pythonhosted.org/packages/06/f2/dc2450e566eeccf92d89a00c3e813234ad58e2ba1e31d11467a09ac4f3b9/mcp-1.9.4.tar.gz", hash = "sha256:cfb0bcd1a9535b42edaef89947b9e18a8feb49362e1cc059d6e7fc636f2cb09f", size = 333294, upload-time = "2025-06-12T08:20:30.158Z" }
wheels = [
    { url = "https://files.pythonhosted.org/packages/97/fc/80e655c955137393c443842ffcc4feccab5b12fa7cb8de9ced90f90e6998/mcp-1.9.4-py3-none-any.whl", hash = "sha256:7fcf36b62936adb8e63f89346bccca1268eeca9bf6dfb562ee10b1dfbda9dac0", size = 130232, upload-time = "2025-06-12T08:20:28.551Z" },
]

[package.optional-dependencies]
cli = [
    { name = "python-dotenv" },
    { name = "typer" },
]

[[package]]
name = "mapper-mcp-server"
version = "0.1.0"
source = { editable = "." }
dependencies = [
    { name = "mcp", extra = ["cli"] },
    { name = "boto3" },
]

[package.metadata]
requires-dist = [
    { name = "mcp", extras = ["cli"], specifier = ">=1.9.4" },
    { name = "boto3", specifier = ">=1.34.0" },
]